{
  "version": "5",
  "redirects": {
    "https://esm.sh/@supabase/supabase-js@2": "https://esm.sh/@supabase/supabase-js@2.108.1"
  },
  "remote": {
    "https://esm.sh/@supabase/supabase-js@2.108.1": "fca0990662d240263b440bc055ea919312c0d27f7ab295e835e1644cf49200ce"
  },
  "workspace": {
    "packageJson": {
      "dependencies": [
        "npm:@babel/core@^7.25.2",
        "npm:@expo-google-fonts/inter@~0.4.2",
        "npm:@expo/metro-runtime@~55.0.6",
        "npm:@expo/vector-icons@^15.0.2",
        "npm:@react-native-async-storage/async-storage@2.2.0",
        "npm:@supabase/supabase-js@^2.99.2",
        "npm:@tanstack/query-async-storage-persister@^5.100.9",
        "npm:@tanstack/react-query-persist-client@^5.100.9",
        "npm:@tanstack/react-query@^5.90.21",
        "npm:@types/jest@30",
        "npm:@types/react-dom@^19.2.3",
        "npm:@types/react@^19.2.14",
        "npm:@vercel/analytics@^2.0.1",
        "npm:@vercel/speed-insights@2",
        "npm:eslint-config-expo@55",
        "npm:eslint@^9.39.4",
        "npm:expo-clipboard@~55.0.9",
        "npm:expo-constants@~55.0.8",
        "npm:expo-document-picker@~55.0.9",
        "npm:expo-file-system@~55.0.9",
        "npm:expo-font@^55.0.6",
        "npm:expo-image-picker@~55.0.19",
        "npm:expo-linear-gradient@~55.0.9",
        "npm:expo-linking@~55.0.7",
        "npm:expo-router@~55.0.6",
        "npm:expo-splash-screen@~55.0.11",
        "npm:expo-sqlite@~55.0.15",
        "npm:expo-status-bar@~55.0.4",
        "npm:expo-system-ui@~55.0.10",
        "npm:expo-updates@~55.0.20",
        "npm:expo-web-browser@~55.0.10",
        "npm:expo@55.0",
        "npm:jest@^30.3.0",
        "npm:posthog-js@^1.372.10",
        "npm:posthog-react-native@^4.44.4",
        "npm:prettier@^3.8.1",
        "npm:react-dom@19.2.0",
        "npm:react-native-gifted-charts@^1.4.76",
        "npm:react-native-linear-gradient@^2.8.3",
        "npm:react-native-safe-area-context@~5.6.2",
        "npm:react-native-screens@4.23",
        "npm:react-native-svg@15.15.3",
        "npm:react-native-web@0.21",
        "npm:react-native@0.83.2",
        "npm:react@19.2.0",
        "npm:ts-jest@^29.4.11",
        "npm:typescript@^5.8.2",
        "npm:zustand@^5.0.12"
      ]
    }
  }
}
